PODS:
  - SuperSwifty (0.0.1):
    - SuperSwifty/Encryption (= 0.0.1)
    - SuperSwifty/UIKit (= 0.0.1)
  - SuperSwifty/Encryption (0.0.1)
  - SuperSwifty/UIKit (0.0.1)

DEPENDENCIES:
  - SuperSwifty (from `../`)

EXTERNAL SOURCES:
  SuperSwifty:
    :path: "../"

SPEC CHECKSUMS:
  SuperSwifty: 80c09083a501eb2c2371bc2c3bbfa3c726000d7f

PODFILE CHECKSUM: 48eda53cecb20df9de44c2d4f23dec5589c88b18

COCOAPODS: 1.9.3
