PODS:
  - SuperSwifty (0.0.4):
    - SuperSwifty/Encryption (= 0.0.4)
    - SuperSwifty/Foundation (= 0.0.4)
    - SuperSwifty/UIKit (= 0.0.4)
  - SuperSwifty/Encryption (0.0.4)
  - SuperSwifty/Foundation (0.0.4)
  - SuperSwifty/UIKit (0.0.4)

DEPENDENCIES:
  - SuperSwifty (from `../`)

EXTERNAL SOURCES:
  SuperSwifty:
    :path: "../"

SPEC CHECKSUMS:
  SuperSwifty: cbe1dcf8b6d0b9c783039ff137b1bf4e507a12ec

PODFILE CHECKSUM: 02955d9770e614ac0ea8a517dcfec6c813edb21a

COCOAPODS: 1.9.3
